PODS:
  - Alamofire (4.0.1)
  - Kingfisher (3.1.4)
  - LFLiveKit (2.5)
  - SnapKit (3.0.2)
  - SwiftyJSON (3.1.3)

DEPENDENCIES:
  - Alamofire (~> 4.0.1)
  - Kingfisher (~> 3.1.1)
  - LFLiveKit
  - SnapKit (~> 3.0.2)
  - SwiftyJSON

SPEC CHECKSUMS:
  Alamofire: 7682d43245de14874acd142ec137b144aa1dd335
  Kingfisher: 6c67e3e57f2d81a9cfdfa25052cd86f33ceac9bb
  LFLiveKit: 4361bd588ae0c9244589119ccdb1c30d14686414
  SnapKit: 2e456761aa92d4d4067a7a5594c18769d451a8ad
  SwiftyJSON: 38a8ea2006779c0fc4c310cb2ee8195327740faf

PODFILE CHECKSUM: cff74622adab7411e93a3237d64d8a0298c3ffb3

COCOAPODS: 1.1.1
