// !$*UTF8*$!
{
	archiveVersion = 1;
	classes = {
	};
	objectVersion = 46;
	objects = {

/* Begin PBXBuildFile section */
		534A37FD2B6745DBAB91B187 /* Pods_LiveShowClient.framework in Frameworks */ = {isa = PBXBuildFile; fileRef = 0FA930718D3D3794E43757AD /* Pods_LiveShowClient.framework */; };
		E41FFEFE1DFEECFB00CFEACD /* AppDelegate.swift in Sources */ = {isa = PBXBuildFile; fileRef = E41FFEFD1DFEECFB00CFEACD /* AppDelegate.swift */; };
		E41FFF051DFEECFB00CFEACD /* Assets.xcassets in Resources */ = {isa = PBXBuildFile; fileRef = E41FFF041DFEECFB00CFEACD /* Assets.xcassets */; };
		E41FFF131DFEECFB00CFEACD /* LiveShowClientTests.swift in Sources */ = {isa = PBXBuildFile; fileRef = E41FFF121DFEECFB00CFEACD /* LiveShowClientTests.swift */; };
		E41FFF1E1DFEECFB00CFEACD /* LiveShowClientUITests.swift in Sources */ = {isa = PBXBuildFile; fileRef = E41FFF1D1DFEECFB00CFEACD /* LiveShowClientUITests.swift */; };
		E42D4DDB1E03C4A200525820 /* .gitignore in Resources */ = {isa = PBXBuildFile; fileRef = E42D4DDA1E03C4A200525820 /* .gitignore */; };
		E437792D1DFF777F00EEF792 /* DiscoverViewController.swift in Sources */ = {isa = PBXBuildFile; fileRef = E43779261DFF777F00EEF792 /* DiscoverViewController.swift */; };
		E437792E1DFF777F00EEF792 /* HomeViewController.swift in Sources */ = {isa = PBXBuildFile; fileRef = E43779281DFF777F00EEF792 /* HomeViewController.swift */; };
		E437792F1DFF777F00EEF792 /* ProfileViewController.swift in Sources */ = {isa = PBXBuildFile; fileRef = E437792A1DFF777F00EEF792 /* ProfileViewController.swift */; };
		E43779301DFF777F00EEF792 /* RankViewController.swift in Sources */ = {isa = PBXBuildFile; fileRef = E437792C1DFF777F00EEF792 /* RankViewController.swift */; };
		E43779861DFFF19A00EEF792 /* RankType.swift in Sources */ = {isa = PBXBuildFile; fileRef = E43779851DFFF19A00EEF792 /* RankType.swift */; };
		E43779881DFFF32C00EEF792 /* RankDetailViewController.swift in Sources */ = {isa = PBXBuildFile; fileRef = E43779871DFFF32C00EEF792 /* RankDetailViewController.swift */; };
		E437798B1E00162D00EEF792 /* BaseNavigationController.swift in Sources */ = {isa = PBXBuildFile; fileRef = E437798A1E00162D00EEF792 /* BaseNavigationController.swift */; };
		E438EBBE1E0397D90015B677 /* libz.tbd in Frameworks */ = {isa = PBXBuildFile; fileRef = E438EBBD1E0397D90015B677 /* libz.tbd */; };
		E47426E81E0239F200AA4D9D /* WaterFlowLayout.swift in Sources */ = {isa = PBXBuildFile; fileRef = E47426E71E0239F200AA4D9D /* WaterFlowLayout.swift */; };
		E47426EA1E0261F500AA4D9D /* AnchorCell.swift in Sources */ = {isa = PBXBuildFile; fileRef = E47426E91E0261F500AA4D9D /* AnchorCell.swift */; };
		E47426EE1E02697300AA4D9D /* HomeAnchorType.swift in Sources */ = {isa = PBXBuildFile; fileRef = E47426ED1E02697300AA4D9D /* HomeAnchorType.swift */; };
		E47426F11E02800400AA4D9D /* Anchor.swift in Sources */ = {isa = PBXBuildFile; fileRef = E47426F01E02800400AA4D9D /* Anchor.swift */; };
		E47426F31E02805500AA4D9D /* HomeAnchorViewModel.swift in Sources */ = {isa = PBXBuildFile; fileRef = E47426F21E02805500AA4D9D /* HomeAnchorViewModel.swift */; };
		E47426F61E029CBD00AA4D9D /* ImageViewExtension.swift in Sources */ = {isa = PBXBuildFile; fileRef = E47426F51E029CBD00AA4D9D /* ImageViewExtension.swift */; };
		E4AABD191E00D7F500A36BFB /* SubRankTitleView.swift in Sources */ = {isa = PBXBuildFile; fileRef = E4AABD181E00D7F500A36BFB /* SubRankTitleView.swift */; };
		E4AABD1B1E00D9E100A36BFB /* Const.swift in Sources */ = {isa = PBXBuildFile; fileRef = E4AABD1A1E00D9E100A36BFB /* Const.swift */; };
		E4AABD1D1E00F01E00A36BFB /* RankModel.swift in Sources */ = {isa = PBXBuildFile; fileRef = E4AABD1C1E00F01E00A36BFB /* RankModel.swift */; };
		E4AABD1F1E0100D500A36BFB /* BaseModel.swift in Sources */ = {isa = PBXBuildFile; fileRef = E4AABD1E1E0100D500A36BFB /* BaseModel.swift */; };
		E4AABD231E0112D900A36BFB /* RankDetailCell.swift in Sources */ = {isa = PBXBuildFile; fileRef = E4AABD221E0112D900A36BFB /* RankDetailCell.swift */; };
		E4AABD261E01319500A36BFB /* RoomViewController.swift in Sources */ = {isa = PBXBuildFile; fileRef = E4AABD251E01319500A36BFB /* RoomViewController.swift */; };
/* End PBXBuildFile section */

/* Begin PBXContainerItemProxy section */
		E41FFF0F1DFEECFB00CFEACD /* PBXContainerItemProxy */ = {
			isa = PBXContainerItemProxy;
			containerPortal = E41FFEF21DFEECFB00CFEACD /* Project object */;
			proxyType = 1;
			remoteGlobalIDString = E41FFEF91DFEECFB00CFEACD;
			remoteInfo = LiveShowClient;
		};
		E41FFF1A1DFEECFB00CFEACD /* PBXContainerItemProxy */ = {
			isa = PBXContainerItemProxy;
			containerPortal = E41FFEF21DFEECFB00CFEACD /* Project object */;
			proxyType = 1;
			remoteGlobalIDString = E41FFEF91DFEECFB00CFEACD;
			remoteInfo = LiveShowClient;
		};
/* End PBXContainerItemProxy section */

/* Begin PBXFileReference section */
		0FA930718D3D3794E43757AD /* Pods_LiveShowClient.framework */ = {isa = PBXFileReference; explicitFileType = wrapper.framework; includeInIndex = 0; path = Pods_LiveShowClient.framework; sourceTree = BUILT_PRODUCTS_DIR; };
		614561DA230F52D31CF8F1D7 /* Pods-LiveShowClient.debug.xcconfig */ = {isa = PBXFileReference; includeInIndex = 1; lastKnownFileType = text.xcconfig; name = "Pods-LiveShowClient.debug.xcconfig"; path = "Pods/Target Support Files/Pods-LiveShowClient/Pods-LiveShowClient.debug.xcconfig"; sourceTree = "<group>"; };
		E41FFEFA1DFEECFB00CFEACD /* LiveShowClient.app */ = {isa = PBXFileReference; explicitFileType = wrapper.application; includeInIndex = 0; path = LiveShowClient.app; sourceTree = BUILT_PRODUCTS_DIR; };
		E41FFEFD1DFEECFB00CFEACD /* AppDelegate.swift */ = {isa = PBXFileReference; lastKnownFileType = sourcecode.swift; path = AppDelegate.swift; sourceTree = "<group>"; };
		E41FFF041DFEECFB00CFEACD /* Assets.xcassets */ = {isa = PBXFileReference; lastKnownFileType = folder.assetcatalog; path = Assets.xcassets; sourceTree = "<group>"; };
		E41FFF091DFEECFB00CFEACD /* Info.plist */ = {isa = PBXFileReference; lastKnownFileType = text.plist.xml; path = Info.plist; sourceTree = "<group>"; };
		E41FFF0E1DFEECFB00CFEACD /* LiveShowClientTests.xctest */ = {isa = PBXFileReference; explicitFileType = wrapper.cfbundle; includeInIndex = 0; path = LiveShowClientTests.xctest; sourceTree = BUILT_PRODUCTS_DIR; };
		E41FFF121DFEECFB00CFEACD /* LiveShowClientTests.swift */ = {isa = PBXFileReference; lastKnownFileType = sourcecode.swift; path = LiveShowClientTests.swift; sourceTree = "<group>"; };
		E41FFF141DFEECFB00CFEACD /* Info.plist */ = {isa = PBXFileReference; lastKnownFileType = text.plist.xml; path = Info.plist; sourceTree = "<group>"; };
		E41FFF191DFEECFB00CFEACD /* LiveShowClientUITests.xctest */ = {isa = PBXFileReference; explicitFileType = wrapper.cfbundle; includeInIndex = 0; path = LiveShowClientUITests.xctest; sourceTree = BUILT_PRODUCTS_DIR; };
		E41FFF1D1DFEECFB00CFEACD /* LiveShowClientUITests.swift */ = {isa = PBXFileReference; lastKnownFileType = sourcecode.swift; path = LiveShowClientUITests.swift; sourceTree = "<group>"; };
		E41FFF1F1DFEECFB00CFEACD /* Info.plist */ = {isa = PBXFileReference; lastKnownFileType = text.plist.xml; path = Info.plist; sourceTree = "<group>"; };
		E42D4DDA1E03C4A200525820 /* .gitignore */ = {isa = PBXFileReference; fileEncoding = 4; lastKnownFileType = text; path = .gitignore; sourceTree = "<group>"; };
		E43779261DFF777F00EEF792 /* DiscoverViewController.swift */ = {isa = PBXFileReference; fileEncoding = 4; lastKnownFileType = sourcecode.swift; path = DiscoverViewController.swift; sourceTree = "<group>"; };
		E43779281DFF777F00EEF792 /* HomeViewController.swift */ = {isa = PBXFileReference; fileEncoding = 4; lastKnownFileType = sourcecode.swift; path = HomeViewController.swift; sourceTree = "<group>"; };
		E437792A1DFF777F00EEF792 /* ProfileViewController.swift */ = {isa = PBXFileReference; fileEncoding = 4; lastKnownFileType = sourcecode.swift; path = ProfileViewController.swift; sourceTree = "<group>"; };
		E437792C1DFF777F00EEF792 /* RankViewController.swift */ = {isa = PBXFileReference; fileEncoding = 4; lastKnownFileType = sourcecode.swift; path = RankViewController.swift; sourceTree = "<group>"; };
		E43779851DFFF19A00EEF792 /* RankType.swift */ = {isa = PBXFileReference; fileEncoding = 4; lastKnownFileType = sourcecode.swift; path = RankType.swift; sourceTree = "<group>"; };
		E43779871DFFF32C00EEF792 /* RankDetailViewController.swift */ = {isa = PBXFileReference; fileEncoding = 4; lastKnownFileType = sourcecode.swift; path = RankDetailViewController.swift; sourceTree = "<group>"; };
		E437798A1E00162D00EEF792 /* BaseNavigationController.swift */ = {isa = PBXFileReference; fileEncoding = 4; lastKnownFileType = sourcecode.swift; path = BaseNavigationController.swift; sourceTree = "<group>"; };
		E438EBBD1E0397D90015B677 /* libz.tbd */ = {isa = PBXFileReference; lastKnownFileType = "sourcecode.text-based-dylib-definition"; name = libz.tbd; path = usr/lib/libz.tbd; sourceTree = SDKROOT; };
		E47426E71E0239F200AA4D9D /* WaterFlowLayout.swift */ = {isa = PBXFileReference; fileEncoding = 4; lastKnownFileType = sourcecode.swift; path = WaterFlowLayout.swift; sourceTree = "<group>"; };
		E47426E91E0261F500AA4D9D /* AnchorCell.swift */ = {isa = PBXFileReference; fileEncoding = 4; lastKnownFileType = sourcecode.swift; path = AnchorCell.swift; sourceTree = "<group>"; };
		E47426ED1E02697300AA4D9D /* HomeAnchorType.swift */ = {isa = PBXFileReference; fileEncoding = 4; lastKnownFileType = sourcecode.swift; path = HomeAnchorType.swift; sourceTree = "<group>"; };
		E47426F01E02800400AA4D9D /* Anchor.swift */ = {isa = PBXFileReference; fileEncoding = 4; lastKnownFileType = sourcecode.swift; path = Anchor.swift; sourceTree = "<group>"; };
		E47426F21E02805500AA4D9D /* HomeAnchorViewModel.swift */ = {isa = PBXFileReference; fileEncoding = 4; lastKnownFileType = sourcecode.swift; path = HomeAnchorViewModel.swift; sourceTree = "<group>"; };
		E47426F51E029CBD00AA4D9D /* ImageViewExtension.swift */ = {isa = PBXFileReference; fileEncoding = 4; lastKnownFileType = sourcecode.swift; path = ImageViewExtension.swift; sourceTree = "<group>"; };
		E4AABD181E00D7F500A36BFB /* SubRankTitleView.swift */ = {isa = PBXFileReference; fileEncoding = 4; lastKnownFileType = sourcecode.swift; path = SubRankTitleView.swift; sourceTree = "<group>"; };
		E4AABD1A1E00D9E100A36BFB /* Const.swift */ = {isa = PBXFileReference; fileEncoding = 4; lastKnownFileType = sourcecode.swift; path = Const.swift; sourceTree = "<group>"; };
		E4AABD1C1E00F01E00A36BFB /* RankModel.swift */ = {isa = PBXFileReference; fileEncoding = 4; lastKnownFileType = sourcecode.swift; path = RankModel.swift; sourceTree = "<group>"; };
		E4AABD1E1E0100D500A36BFB /* BaseModel.swift */ = {isa = PBXFileReference; fileEncoding = 4; lastKnownFileType = sourcecode.swift; path = BaseModel.swift; sourceTree = "<group>"; };
		E4AABD221E0112D900A36BFB /* RankDetailCell.swift */ = {isa = PBXFileReference; fileEncoding = 4; lastKnownFileType = sourcecode.swift; path = RankDetailCell.swift; sourceTree = "<group>"; };
		E4AABD251E01319500A36BFB /* RoomViewController.swift */ = {isa = PBXFileReference; fileEncoding = 4; lastKnownFileType = sourcecode.swift; path = RoomViewController.swift; sourceTree = "<group>"; };
		F905E27F55E9E064D33BE071 /* Pods-LiveShowClient.release.xcconfig */ = {isa = PBXFileReference; includeInIndex = 1; lastKnownFileType = text.xcconfig; name = "Pods-LiveShowClient.release.xcconfig"; path = "Pods/Target Support Files/Pods-LiveShowClient/Pods-LiveShowClient.release.xcconfig"; sourceTree = "<group>"; };
/* End PBXFileReference section */

/* Begin PBXFrameworksBuildPhase section */
		E41FFEF71DFEECFB00CFEACD /* Frameworks */ = {
			isa = PBXFrameworksBuildPhase;
			buildActionMask = 2147483647;
			files = (
				E438EBBE1E0397D90015B677 /* libz.tbd in Frameworks */,
				534A37FD2B6745DBAB91B187 /* Pods_LiveShowClient.framework in Frameworks */,
			);
			runOnlyForDeploymentPostprocessing = 0;
		};
		E41FFF0B1DFEECFB00CFEACD /* Frameworks */ = {
			isa = PBXFrameworksBuildPhase;
			buildActionMask = 2147483647;
			files = (
			);
			runOnlyForDeploymentPostprocessing = 0;
		};
		E41FFF161DFEECFB00CFEACD /* Frameworks */ = {
			isa = PBXFrameworksBuildPhase;
			buildActionMask = 2147483647;
			files = (
			);
			runOnlyForDeploymentPostprocessing = 0;
		};
/* End PBXFrameworksBuildPhase section */

/* Begin PBXGroup section */
		10BCCDA0377E249D13DF7398 /* Frameworks */ = {
			isa = PBXGroup;
			children = (
				E438EBBD1E0397D90015B677 /* libz.tbd */,
				0FA930718D3D3794E43757AD /* Pods_LiveShowClient.framework */,
			);
			name = Frameworks;
			sourceTree = "<group>";
		};
		C081A0104A998C33F47B7C1C /* Pods */ = {
			isa = PBXGroup;
			children = (
				614561DA230F52D31CF8F1D7 /* Pods-LiveShowClient.debug.xcconfig */,
				F905E27F55E9E064D33BE071 /* Pods-LiveShowClient.release.xcconfig */,
			);
			name = Pods;
			sourceTree = "<group>";
		};
		E41FFEF11DFEECFB00CFEACD = {
			isa = PBXGroup;
			children = (
				E42D4DDA1E03C4A200525820 /* .gitignore */,
				E41FFEFC1DFEECFB00CFEACD /* LiveShowClient */,
				E41FFF111DFEECFB00CFEACD /* LiveShowClientTests */,
				E41FFF1C1DFEECFB00CFEACD /* LiveShowClientUITests */,
				E41FFEFB1DFEECFB00CFEACD /* Products */,
				C081A0104A998C33F47B7C1C /* Pods */,
				10BCCDA0377E249D13DF7398 /* Frameworks */,
			);
			sourceTree = "<group>";
		};
		E41FFEFB1DFEECFB00CFEACD /* Products */ = {
			isa = PBXGroup;
			children = (
				E41FFEFA1DFEECFB00CFEACD /* LiveShowClient.app */,
				E41FFF0E1DFEECFB00CFEACD /* LiveShowClientTests.xctest */,
				E41FFF191DFEECFB00CFEACD /* LiveShowClientUITests.xctest */,
			);
			name = Products;
			sourceTree = "<group>";
		};
		E41FFEFC1DFEECFB00CFEACD /* LiveShowClient */ = {
			isa = PBXGroup;
			children = (
				E47426F41E029C5F00AA4D9D /* Utils */,
				E47426EF1E027FB800AA4D9D /* Entity */,
				E4AABD1A1E00D9E100A36BFB /* Const.swift */,
				E41FFEFD1DFEECFB00CFEACD /* AppDelegate.swift */,
				E4AABD271E01443300A36BFB /* Sections */,
				E41FFF041DFEECFB00CFEACD /* Assets.xcassets */,
				E41FFF091DFEECFB00CFEACD /* Info.plist */,
			);
			path = LiveShowClient;
			sourceTree = "<group>";
		};
		E41FFF111DFEECFB00CFEACD /* LiveShowClientTests */ = {
			isa = PBXGroup;
			children = (
				E41FFF121DFEECFB00CFEACD /* LiveShowClientTests.swift */,
				E41FFF141DFEECFB00CFEACD /* Info.plist */,
			);
			path = LiveShowClientTests;
			sourceTree = "<group>";
		};
		E41FFF1C1DFEECFB00CFEACD /* LiveShowClientUITests */ = {
			isa = PBXGroup;
			children = (
				E41FFF1D1DFEECFB00CFEACD /* LiveShowClientUITests.swift */,
				E41FFF1F1DFEECFB00CFEACD /* Info.plist */,
			);
			path = LiveShowClientUITests;
			sourceTree = "<group>";
		};
		E43779251DFF777F00EEF792 /* Discover */ = {
			isa = PBXGroup;
			children = (
				E43779261DFF777F00EEF792 /* DiscoverViewController.swift */,
			);
			path = Discover;
			sourceTree = "<group>";
		};
		E43779271DFF777F00EEF792 /* Home */ = {
			isa = PBXGroup;
			children = (
				E43779281DFF777F00EEF792 /* HomeViewController.swift */,
				E47426E91E0261F500AA4D9D /* AnchorCell.swift */,
				E47426ED1E02697300AA4D9D /* HomeAnchorType.swift */,
				E47426F21E02805500AA4D9D /* HomeAnchorViewModel.swift */,
			);
			path = Home;
			sourceTree = "<group>";
		};
		E43779291DFF777F00EEF792 /* Profile */ = {
			isa = PBXGroup;
			children = (
				E437792A1DFF777F00EEF792 /* ProfileViewController.swift */,
			);
			path = Profile;
			sourceTree = "<group>";
		};
		E437792B1DFF777F00EEF792 /* Rank */ = {
			isa = PBXGroup;
			children = (
				E437792C1DFF777F00EEF792 /* RankViewController.swift */,
				E43779871DFFF32C00EEF792 /* RankDetailViewController.swift */,
				E43779851DFFF19A00EEF792 /* RankType.swift */,
				E4AABD181E00D7F500A36BFB /* SubRankTitleView.swift */,
				E4AABD1C1E00F01E00A36BFB /* RankModel.swift */,
				E4AABD221E0112D900A36BFB /* RankDetailCell.swift */,
			);
			path = Rank;
			sourceTree = "<group>";
		};
		E43779891E0015EF00EEF792 /* Base */ = {
			isa = PBXGroup;
			children = (
				E437798A1E00162D00EEF792 /* BaseNavigationController.swift */,
				E4AABD1E1E0100D500A36BFB /* BaseModel.swift */,
				E47426E71E0239F200AA4D9D /* WaterFlowLayout.swift */,
			);
			path = Base;
			sourceTree = "<group>";
		};
		E47426EF1E027FB800AA4D9D /* Entity */ = {
			isa = PBXGroup;
			children = (
				E47426F01E02800400AA4D9D /* Anchor.swift */,
			);
			path = Entity;
			sourceTree = "<group>";
		};
		E47426F41E029C5F00AA4D9D /* Utils */ = {
			isa = PBXGroup;
			children = (
				E47426F51E029CBD00AA4D9D /* ImageViewExtension.swift */,
			);
			path = Utils;
			sourceTree = "<group>";
		};
		E4AABD241E01317200A36BFB /* Live */ = {
			isa = PBXGroup;
			children = (
				E4AABD251E01319500A36BFB /* RoomViewController.swift */,
			);
			path = Live;
			sourceTree = "<group>";
		};
		E4AABD271E01443300A36BFB /* Sections */ = {
			isa = PBXGroup;
			children = (
				E43779891E0015EF00EEF792 /* Base */,
				E43779271DFF777F00EEF792 /* Home */,
				E4AABD241E01317200A36BFB /* Live */,
				E43779251DFF777F00EEF792 /* Discover */,
				E43779291DFF777F00EEF792 /* Profile */,
				E437792B1DFF777F00EEF792 /* Rank */,
			);
			name = Sections;
			sourceTree = "<group>";
		};
/* End PBXGroup section */

/* Begin PBXNativeTarget section */
		E41FFEF91DFEECFB00CFEACD /* LiveShowClient */ = {
			isa = PBXNativeTarget;
			buildConfigurationList = E41FFF221DFEECFB00CFEACD /* Build configuration list for PBXNativeTarget "LiveShowClient" */;
			buildPhases = (
				66F2572C67B3E99FAAC6F78F /* [CP] Check Pods Manifest.lock */,
				E41FFEF61DFEECFB00CFEACD /* Sources */,
				E41FFEF71DFEECFB00CFEACD /* Frameworks */,
				E41FFEF81DFEECFB00CFEACD /* Resources */,
				59285594F5371252DA2D25EB /* [CP] Embed Pods Frameworks */,
				FF794C6C0B768FA88FA0DB17 /* [CP] Copy Pods Resources */,
			);
			buildRules = (
			);
			dependencies = (
			);
			name = LiveShowClient;
			productName = LiveShowClient;
			productReference = E41FFEFA1DFEECFB00CFEACD /* LiveShowClient.app */;
			productType = "com.apple.product-type.application";
		};
		E41FFF0D1DFEECFB00CFEACD /* LiveShowClientTests */ = {
			isa = PBXNativeTarget;
			buildConfigurationList = E41FFF251DFEECFB00CFEACD /* Build configuration list for PBXNativeTarget "LiveShowClientTests" */;
			buildPhases = (
				E41FFF0A1DFEECFB00CFEACD /* Sources */,
				E41FFF0B1DFEECFB00CFEACD /* Frameworks */,
				E41FFF0C1DFEECFB00CFEACD /* Resources */,
			);
			buildRules = (
			);
			dependencies = (
				E41FFF101DFEECFB00CFEACD /* PBXTargetDependency */,
			);
			name = LiveShowClientTests;
			productName = LiveShowClientTests;
			productReference = E41FFF0E1DFEECFB00CFEACD /* LiveShowClientTests.xctest */;
			productType = "com.apple.product-type.bundle.unit-test";
		};
		E41FFF181DFEECFB00CFEACD /* LiveShowClientUITests */ = {
			isa = PBXNativeTarget;
			buildConfigurationList = E41FFF281DFEECFB00CFEACD /* Build configuration list for PBXNativeTarget "LiveShowClientUITests" */;
			buildPhases = (
				E41FFF151DFEECFB00CFEACD /* Sources */,
				E41FFF161DFEECFB00CFEACD /* Frameworks */,
				E41FFF171DFEECFB00CFEACD /* Resources */,
			);
			buildRules = (
			);
			dependencies = (
				E41FFF1B1DFEECFB00CFEACD /* PBXTargetDependency */,
			);
			name = LiveShowClientUITests;
			productName = LiveShowClientUITests;
			productReference = E41FFF191DFEECFB00CFEACD /* LiveShowClientUITests.xctest */;
			productType = "com.apple.product-type.bundle.ui-testing";
		};
/* End PBXNativeTarget section */

/* Begin PBXProject section */
		E41FFEF21DFEECFB00CFEACD /* Project object */ = {
			isa = PBXProject;
			attributes = {
				LastSwiftUpdateCheck = 0810;
				LastUpgradeCheck = 0810;
				ORGANIZATIONNAME = penggenyong;
				TargetAttributes = {
					E41FFEF91DFEECFB00CFEACD = {
						CreatedOnToolsVersion = 8.1;
						DevelopmentTeam = 2L238S7CXD;
						ProvisioningStyle = Automatic;
					};
					E41FFF0D1DFEECFB00CFEACD = {
						CreatedOnToolsVersion = 8.1;
						ProvisioningStyle = Automatic;
						TestTargetID = E41FFEF91DFEECFB00CFEACD;
					};
					E41FFF181DFEECFB00CFEACD = {
						CreatedOnToolsVersion = 8.1;
						ProvisioningStyle = Automatic;
						TestTargetID = E41FFEF91DFEECFB00CFEACD;
					};
				};
			};
			buildConfigurationList = E41FFEF51DFEECFB00CFEACD /* Build configuration list for PBXProject "LiveShowClient" */;
			compatibilityVersion = "Xcode 3.2";
			developmentRegion = English;
			hasScannedForEncodings = 0;
			knownRegions = (
				en,
				Base,
			);
			mainGroup = E41FFEF11DFEECFB00CFEACD;
			productRefGroup = E41FFEFB1DFEECFB00CFEACD /* Products */;
			projectDirPath = "";
			projectRoot = "";
			targets = (
				E41FFEF91DFEECFB00CFEACD /* LiveShowClient */,
				E41FFF0D1DFEECFB00CFEACD /* LiveShowClientTests */,
				E41FFF181DFEECFB00CFEACD /* LiveShowClientUITests */,
			);
		};
/* End PBXProject section */

/* Begin PBXResourcesBuildPhase section */
		E41FFEF81DFEECFB00CFEACD /* Resources */ = {
			isa = PBXResourcesBuildPhase;
			buildActionMask = 2147483647;
			files = (
				E42D4DDB1E03C4A200525820 /* .gitignore in Resources */,
				E41FFF051DFEECFB00CFEACD /* Assets.xcassets in Resources */,
			);
			runOnlyForDeploymentPostprocessing = 0;
		};
		E41FFF0C1DFEECFB00CFEACD /* Resources */ = {
			isa = PBXResourcesBuildPhase;
			buildActionMask = 2147483647;
			files = (
			);
			runOnlyForDeploymentPostprocessing = 0;
		};
		E41FFF171DFEECFB00CFEACD /* Resources */ = {
			isa = PBXResourcesBuildPhase;
			buildActionMask = 2147483647;
			files = (
			);
			runOnlyForDeploymentPostprocessing = 0;
		};
/* End PBXResourcesBuildPhase section */

/* Begin PBXShellScriptBuildPhase section */
		59285594F5371252DA2D25EB /* [CP] Embed Pods Frameworks */ = {
			isa = PBXShellScriptBuildPhase;
			buildActionMask = 2147483647;
			files = (
			);
			inputPaths = (
			);
			name = "[CP] Embed Pods Frameworks";
			outputPaths = (
			);
			runOnlyForDeploymentPostprocessing = 0;
			shellPath = /bin/sh;
			shellScript = "\"${SRCROOT}/Pods/Target Support Files/Pods-LiveShowClient/Pods-LiveShowClient-frameworks.sh\"\n";
			showEnvVarsInLog = 0;
		};
		66F2572C67B3E99FAAC6F78F /* [CP] Check Pods Manifest.lock */ = {
			isa = PBXShellScriptBuildPhase;
			buildActionMask = 2147483647;
			files = (
			);
			inputPaths = (
			);
			name = "[CP] Check Pods Manifest.lock";
			outputPaths = (
			);
			runOnlyForDeploymentPostprocessing = 0;
			shellPath = /bin/sh;
			shellScript = "diff \"${PODS_ROOT}/../Podfile.lock\" \"${PODS_ROOT}/Manifest.lock\" > /dev/null\nif [ $? != 0 ] ; then\n    # print error to STDERR\n    echo \"error: The sandbox is not in sync with the Podfile.lock. Run 'pod install' or update your CocoaPods installation.\" >&2\n    exit 1\nfi\n";
			showEnvVarsInLog = 0;
		};
		FF794C6C0B768FA88FA0DB17 /* [CP] Copy Pods Resources */ = {
			isa = PBXShellScriptBuildPhase;
			buildActionMask = 2147483647;
			files = (
			);
			inputPaths = (
			);
			name = "[CP] Copy Pods Resources";
			outputPaths = (
			);
			runOnlyForDeploymentPostprocessing = 0;
			shellPath = /bin/sh;
			shellScript = "\"${SRCROOT}/Pods/Target Support Files/Pods-LiveShowClient/Pods-LiveShowClient-resources.sh\"\n";
			showEnvVarsInLog = 0;
		};
/* End PBXShellScriptBuildPhase section */

/* Begin PBXSourcesBuildPhase section */
		E41FFEF61DFEECFB00CFEACD /* Sources */ = {
			isa = PBXSourcesBuildPhase;
			buildActionMask = 2147483647;
			files = (
				E437792D1DFF777F00EEF792 /* DiscoverViewController.swift in Sources */,
				E4AABD231E0112D900A36BFB /* RankDetailCell.swift in Sources */,
				E47426F61E029CBD00AA4D9D /* ImageViewExtension.swift in Sources */,
				E4AABD261E01319500A36BFB /* RoomViewController.swift in Sources */,
				E47426EE1E02697300AA4D9D /* HomeAnchorType.swift in Sources */,
				E43779301DFF777F00EEF792 /* RankViewController.swift in Sources */,
				E4AABD1F1E0100D500A36BFB /* BaseModel.swift in Sources */,
				E4AABD1D1E00F01E00A36BFB /* RankModel.swift in Sources */,
				E47426EA1E0261F500AA4D9D /* AnchorCell.swift in Sources */,
				E43779861DFFF19A00EEF792 /* RankType.swift in Sources */,
				E4AABD191E00D7F500A36BFB /* SubRankTitleView.swift in Sources */,
				E437792F1DFF777F00EEF792 /* ProfileViewController.swift in Sources */,
				E437798B1E00162D00EEF792 /* BaseNavigationController.swift in Sources */,
				E47426E81E0239F200AA4D9D /* WaterFlowLayout.swift in Sources */,
				E41FFEFE1DFEECFB00CFEACD /* AppDelegate.swift in Sources */,
				E437792E1DFF777F00EEF792 /* HomeViewController.swift in Sources */,
				E47426F31E02805500AA4D9D /* HomeAnchorViewModel.swift in Sources */,
				E43779881DFFF32C00EEF792 /* RankDetailViewController.swift in Sources */,
				E47426F11E02800400AA4D9D /* Anchor.swift in Sources */,
				E4AABD1B1E00D9E100A36BFB /* Const.swift in Sources */,
			);
			runOnlyForDeploymentPostprocessing = 0;
		};
		E41FFF0A1DFEECFB00CFEACD /* Sources */ = {
			isa = PBXSourcesBuildPhase;
			buildActionMask = 2147483647;
			files = (
				E41FFF131DFEECFB00CFEACD /* LiveShowClientTests.swift in Sources */,
			);
			runOnlyForDeploymentPostprocessing = 0;
		};
		E41FFF151DFEECFB00CFEACD /* Sources */ = {
			isa = PBXSourcesBuildPhase;
			buildActionMask = 2147483647;
			files = (
				E41FFF1E1DFEECFB00CFEACD /* LiveShowClientUITests.swift in Sources */,
			);
			runOnlyForDeploymentPostprocessing = 0;
		};
/* End PBXSourcesBuildPhase section */

/* Begin PBXTargetDependency section */
		E41FFF101DFEECFB00CFEACD /* PBXTargetDependency */ = {
			isa = PBXTargetDependency;
			target = E41FFEF91DFEECFB00CFEACD /* LiveShowClient */;
			targetProxy = E41FFF0F1DFEECFB00CFEACD /* PBXContainerItemProxy */;
		};
		E41FFF1B1DFEECFB00CFEACD /* PBXTargetDependency */ = {
			isa = PBXTargetDependency;
			target = E41FFEF91DFEECFB00CFEACD /* LiveShowClient */;
			targetProxy = E41FFF1A1DFEECFB00CFEACD /* PBXContainerItemProxy */;
		};
/* End PBXTargetDependency section */

/* Begin XCBuildConfiguration section */
		E41FFF201DFEECFB00CFEACD /* Debug */ = {
			isa = XCBuildConfiguration;
			buildSettings = {
				ALWAYS_SEARCH_USER_PATHS = NO;
				CLANG_ANALYZER_NONNULL = YES;
				CLANG_CXX_LANGUAGE_STANDARD = "gnu++0x";
				CLANG_CXX_LIBRARY = "libc++";
				CLANG_ENABLE_MODULES = YES;
				CLANG_ENABLE_OBJC_ARC = YES;
				CLANG_WARN_BOOL_CONVERSION = YES;
				CLANG_WARN_CONSTANT_CONVERSION = YES;
				CLANG_WARN_DIRECT_OBJC_ISA_USAGE = YES_ERROR;
				CLANG_WARN_DOCUMENTATION_COMMENTS = YES;
				CLANG_WARN_EMPTY_BODY = YES;
				CLANG_WARN_ENUM_CONVERSION = YES;
				CLANG_WARN_INFINITE_RECURSION = YES;
				CLANG_WARN_INT_CONVERSION = YES;
				CLANG_WARN_OBJC_ROOT_CLASS = YES_ERROR;
				CLANG_WARN_SUSPICIOUS_MOVES = YES;
				CLANG_WARN_UNREACHABLE_CODE = YES;
				CLANG_WARN__DUPLICATE_METHOD_MATCH = YES;
				"CODE_SIGN_IDENTITY[sdk=iphoneos*]" = "iPhone Developer";
				COPY_PHASE_STRIP = NO;
				DEBUG_INFORMATION_FORMAT = dwarf;
				ENABLE_STRICT_OBJC_MSGSEND = YES;
				ENABLE_TESTABILITY = YES;
				GCC_C_LANGUAGE_STANDARD = gnu99;
				GCC_DYNAMIC_NO_PIC = NO;
				GCC_NO_COMMON_BLOCKS = YES;
				GCC_OPTIMIZATION_LEVEL = 0;
				GCC_PREPROCESSOR_DEFINITIONS = (
					"DEBUG=1",
					"$(inherited)",
				);
				GCC_WARN_64_TO_32_BIT_CONVERSION = YES;
				GCC_WARN_ABOUT_RETURN_TYPE = YES_ERROR;
				GCC_WARN_UNDECLARED_SELECTOR = YES;
				GCC_WARN_UNINITIALIZED_AUTOS = YES_AGGRESSIVE;
				GCC_WARN_UNUSED_FUNCTION = YES;
				GCC_WARN_UNUSED_VARIABLE = YES;
				IPHONEOS_DEPLOYMENT_TARGET = 10.1;
				MTL_ENABLE_DEBUG_INFO = YES;
				ONLY_ACTIVE_ARCH = YES;
				SDKROOT = iphoneos;
				SWIFT_ACTIVE_COMPILATION_CONDITIONS = DEBUG;
				SWIFT_OPTIMIZATION_LEVEL = "-Onone";
				TARGETED_DEVICE_FAMILY = "1,2";
			};
			name = Debug;
		};
		E41FFF211DFEECFB00CFEACD /* Release */ = {
			isa = XCBuildConfiguration;
			buildSettings = {
				ALWAYS_SEARCH_USER_PATHS = NO;
				CLANG_ANALYZER_NONNULL = YES;
				CLANG_CXX_LANGUAGE_STANDARD = "gnu++0x";
				CLANG_CXX_LIBRARY = "libc++";
				CLANG_ENABLE_MODULES = YES;
				CLANG_ENABLE_OBJC_ARC = YES;
				CLANG_WARN_BOOL_CONVERSION = YES;
				CLANG_WARN_CONSTANT_CONVERSION = YES;
				CLANG_WARN_DIRECT_OBJC_ISA_USAGE = YES_ERROR;
				CLANG_WARN_DOCUMENTATION_COMMENTS = YES;
				CLANG_WARN_EMPTY_BODY = YES;
				CLANG_WARN_ENUM_CONVERSION = YES;
				CLANG_WARN_INFINITE_RECURSION = YES;
				CLANG_WARN_INT_CONVERSION = YES;
				CLANG_WARN_OBJC_ROOT_CLASS = YES_ERROR;
				CLANG_WARN_SUSPICIOUS_MOVES = YES;
				CLANG_WARN_UNREACHABLE_CODE = YES;
				CLANG_WARN__DUPLICATE_METHOD_MATCH = YES;
				"CODE_SIGN_IDENTITY[sdk=iphoneos*]" = "iPhone Developer";
				COPY_PHASE_STRIP = NO;
				DEBUG_INFORMATION_FORMAT = "dwarf-with-dsym";
				ENABLE_NS_ASSERTIONS = NO;
				ENABLE_STRICT_OBJC_MSGSEND = YES;
				GCC_C_LANGUAGE_STANDARD = gnu99;
				GCC_NO_COMMON_BLOCKS = YES;
				GCC_WARN_64_TO_32_BIT_CONVERSION = YES;
				GCC_WARN_ABOUT_RETURN_TYPE = YES_ERROR;
				GCC_WARN_UNDECLARED_SELECTOR = YES;
				GCC_WARN_UNINITIALIZED_AUTOS = YES_AGGRESSIVE;
				GCC_WARN_UNUSED_FUNCTION = YES;
				GCC_WARN_UNUSED_VARIABLE = YES;
				IPHONEOS_DEPLOYMENT_TARGET = 10.1;
				MTL_ENABLE_DEBUG_INFO = NO;
				SDKROOT = iphoneos;
				SWIFT_OPTIMIZATION_LEVEL = "-Owholemodule";
				TARGETED_DEVICE_FAMILY = "1,2";
				VALIDATE_PRODUCT = YES;
			};
			name = Release;
		};
		E41FFF231DFEECFB00CFEACD /* Debug */ = {
			isa = XCBuildConfiguration;
			baseConfigurationReference = 614561DA230F52D31CF8F1D7 /* Pods-LiveShowClient.debug.xcconfig */;
			buildSettings = {
				ASSETCATALOG_COMPILER_APPICON_NAME = AppIcon;
				ASSETCATALOG_COMPILER_LAUNCHIMAGE_NAME = LaunchImage;
				DEVELOPMENT_TEAM = 2L238S7CXD;
				FRAMEWORK_SEARCH_PATHS = (
					"$(inherited)",
					"$(PROJECT_DIR)/LiveShowClient/IJKPlayer",
				);
				INFOPLIST_FILE = LiveShowClient/Info.plist;
				LD_RUNPATH_SEARCH_PATHS = "$(inherited) @executable_path/Frameworks";
				PRODUCT_BUNDLE_IDENTIFIER = com.pgy.LiveShowClient;
				PRODUCT_NAME = "$(TARGET_NAME)";
				SWIFT_VERSION = 3.0;
			};
			name = Debug;
		};
		E41FFF241DFEECFB00CFEACD /* Release */ = {
			isa = XCBuildConfiguration;
			baseConfigurationReference = F905E27F55E9E064D33BE071 /* Pods-LiveShowClient.release.xcconfig */;
			buildSettings = {
				ASSETCATALOG_COMPILER_APPICON_NAME = AppIcon;
				ASSETCATALOG_COMPILER_LAUNCHIMAGE_NAME = LaunchImage;
				DEVELOPMENT_TEAM = 2L238S7CXD;
				FRAMEWORK_SEARCH_PATHS = (
					"$(inherited)",
					"$(PROJECT_DIR)/LiveShowClient/IJKPlayer",
				);
				INFOPLIST_FILE = LiveShowClient/Info.plist;
				LD_RUNPATH_SEARCH_PATHS = "$(inherited) @executable_path/Frameworks";
				PRODUCT_BUNDLE_IDENTIFIER = com.pgy.LiveShowClient;
				PRODUCT_NAME = "$(TARGET_NAME)";
				SWIFT_VERSION = 3.0;
			};
			name = Release;
		};
		E41FFF261DFEECFB00CFEACD /* Debug */ = {
			isa = XCBuildConfiguration;
			buildSettings = {
				ALWAYS_EMBED_SWIFT_STANDARD_LIBRARIES = YES;
				BUNDLE_LOADER = "$(TEST_HOST)";
				INFOPLIST_FILE = LiveShowClientTests/Info.plist;
				LD_RUNPATH_SEARCH_PATHS = "$(inherited) @executable_path/Frameworks @loader_path/Frameworks";
				PRODUCT_BUNDLE_IDENTIFIER = com.pgy.LiveShowClientTests;
				PRODUCT_NAME = "$(TARGET_NAME)";
				SWIFT_VERSION = 3.0;
				TEST_HOST = "$(BUILT_PRODUCTS_DIR)/LiveShowClient.app/LiveShowClient";
			};
			name = Debug;
		};
		E41FFF271DFEECFB00CFEACD /* Release */ = {
			isa = XCBuildConfiguration;
			buildSettings = {
				ALWAYS_EMBED_SWIFT_STANDARD_LIBRARIES = YES;
				BUNDLE_LOADER = "$(TEST_HOST)";
				INFOPLIST_FILE = LiveShowClientTests/Info.plist;
				LD_RUNPATH_SEARCH_PATHS = "$(inherited) @executable_path/Frameworks @loader_path/Frameworks";
				PRODUCT_BUNDLE_IDENTIFIER = com.pgy.LiveShowClientTests;
				PRODUCT_NAME = "$(TARGET_NAME)";
				SWIFT_VERSION = 3.0;
				TEST_HOST = "$(BUILT_PRODUCTS_DIR)/LiveShowClient.app/LiveShowClient";
			};
			name = Release;
		};
		E41FFF291DFEECFB00CFEACD /* Debug */ = {
			isa = XCBuildConfiguration;
			buildSettings = {
				ALWAYS_EMBED_SWIFT_STANDARD_LIBRARIES = YES;
				INFOPLIST_FILE = LiveShowClientUITests/Info.plist;
				LD_RUNPATH_SEARCH_PATHS = "$(inherited) @executable_path/Frameworks @loader_path/Frameworks";
				PRODUCT_BUNDLE_IDENTIFIER = com.pgy.LiveShowClientUITests;
				PRODUCT_NAME = "$(TARGET_NAME)";
				SWIFT_VERSION = 3.0;
				TEST_TARGET_NAME = LiveShowClient;
			};
			name = Debug;
		};
		E41FFF2A1DFEECFB00CFEACD /* Release */ = {
			isa = XCBuildConfiguration;
			buildSettings = {
				ALWAYS_EMBED_SWIFT_STANDARD_LIBRARIES = YES;
				INFOPLIST_FILE = LiveShowClientUITests/Info.plist;
				LD_RUNPATH_SEARCH_PATHS = "$(inherited) @executable_path/Frameworks @loader_path/Frameworks";
				PRODUCT_BUNDLE_IDENTIFIER = com.pgy.LiveShowClientUITests;
				PRODUCT_NAME = "$(TARGET_NAME)";
				SWIFT_VERSION = 3.0;
				TEST_TARGET_NAME = LiveShowClient;
			};
			name = Release;
		};
/* End XCBuildConfiguration section */

/* Begin XCConfigurationList section */
		E41FFEF51DFEECFB00CFEACD /* Build configuration list for PBXProject "LiveShowClient" */ = {
			isa = XCConfigurationList;
			buildConfigurations = (
				E41FFF201DFEECFB00CFEACD /* Debug */,
				E41FFF211DFEECFB00CFEACD /* Release */,
			);
			defaultConfigurationIsVisible = 0;
			defaultConfigurationName = Release;
		};
		E41FFF221DFEECFB00CFEACD /* Build configuration list for PBXNativeTarget "LiveShowClient" */ = {
			isa = XCConfigurationList;
			buildConfigurations = (
				E41FFF231DFEECFB00CFEACD /* Debug */,
				E41FFF241DFEECFB00CFEACD /* Release */,
			);
			defaultConfigurationIsVisible = 0;
			defaultConfigurationName = Release;
		};
		E41FFF251DFEECFB00CFEACD /* Build configuration list for PBXNativeTarget "LiveShowClientTests" */ = {
			isa = XCConfigurationList;
			buildConfigurations = (
				E41FFF261DFEECFB00CFEACD /* Debug */,
				E41FFF271DFEECFB00CFEACD /* Release */,
			);
			defaultConfigurationIsVisible = 0;
			defaultConfigurationName = Release;
		};
		E41FFF281DFEECFB00CFEACD /* Build configuration list for PBXNativeTarget "LiveShowClientUITests" */ = {
			isa = XCConfigurationList;
			buildConfigurations = (
				E41FFF291DFEECFB00CFEACD /* Debug */,
				E41FFF2A1DFEECFB00CFEACD /* Release */,
			);
			defaultConfigurationIsVisible = 0;
			defaultConfigurationName = Release;
		};
/* End XCConfigurationList section */
	};
	rootObject = E41FFEF21DFEECFB00CFEACD /* Project object */;
}
